
Microsoft Visual Studio Solution File, Format Version 12.00
# Visual Studio Version 16
VisualStudioVersion = 16.0.30406.217
MinimumVisualStudioVersion = 10.0.40219.1
Project("{FAE04EC0-301F-11D3-BF4B-00C04F79EFBC}") = "CW7", "CW7\CW7.csproj", "{FF9A3768-2F95-42AF-ABC7-A641D9B81C58}"
EndProject
Global
	GlobalSection(SolutionConfigurationPlatforms) = preSolution
		Debug|Any CPU = Debug|Any CPU
		Release|Any CPU = Release|Any CPU
	EndGlobalSection
	GlobalSection(ProjectConfigurationPlatforms) = postSolution
		{FF9A3768-2F95-42AF-ABC7-A641D9B81C58}.Debug|Any CPU.ActiveCfg = Debug|Any CPU
		{FF9A3768-2F95-42AF-ABC7-A641D9B81C58}.Debug|Any CPU.Build.0 = Debug|Any CPU
		{FF9A3768-2F95-42AF-ABC7-A641D9B81C58}.Release|Any CPU.ActiveCfg = Release|Any CPU
		{FF9A3768-2F95-42AF-ABC7-A641D9B81C58}.Release|Any CPU.Build.0 = Release|Any CPU
	EndGlobalSection
	GlobalSection(SolutionProperties) = preSolution
		HideSolutionNode = FALSE
	EndGlobalSection
	GlobalSection(ExtensibilityGlobals) = postSolution
		SolutionGuid = {019A4739-186B-424E-B1CA-26FA8C0BA338}
	EndGlobalSection
EndGlobal
